
Microsoft Visual Studio Solution File, Format Version 12.00
# Visual Studio Version 16
VisualStudioVersion = 16.0.31005.135
MinimumVisualStudioVersion = 10.0.40219.1
Project("{FAE04EC0-301F-11D3-BF4B-00C04F79EFBC}") = "Projet1_Quizz", "Projet1_Quizz.csproj", "{EC8A52CC-38AB-4731-8DDA-2A8FB4BB6D72}"
EndProject
Global
	GlobalSection(SolutionConfigurationPlatforms) = preSolution
		Debug|Any CPU = Debug|Any CPU
		Release|Any CPU = Release|Any CPU
	EndGlobalSection
	GlobalSection(ProjectConfigurationPlatforms) = postSolution
		{EC8A52CC-38AB-4731-8DDA-2A8FB4BB6D72}.Debug|Any CPU.ActiveCfg = Debug|Any CPU
		{EC8A52CC-38AB-4731-8DDA-2A8FB4BB6D72}.Debug|Any CPU.Build.0 = Debug|Any CPU
		{EC8A52CC-38AB-4731-8DDA-2A8FB4BB6D72}.Release|Any CPU.ActiveCfg = Release|Any CPU
		{EC8A52CC-38AB-4731-8DDA-2A8FB4BB6D72}.Release|Any CPU.Build.0 = Release|Any CPU
	EndGlobalSection
	GlobalSection(SolutionProperties) = preSolution
		HideSolutionNode = FALSE
	EndGlobalSection
	GlobalSection(ExtensibilityGlobals) = postSolution
		SolutionGuid = {AF8E0228-E848-4ED4-B9DF-56140FE1E535}
	EndGlobalSection
EndGlobal
